{
  "name": "forge-starter",
  "version": "1.0.0",
  "lockfileVersion": 3,
  "requires": true,
  "packages": {
    "": {
      "name": "forge-starter",
      "version": "1.0.0",
      "license": "MIT",
      "dependencies": {
        "@thirdweb-dev/contracts": "^3",
        "cross-spawn": "^7.0.6"
      }
    },
    "node_modules/@openzeppelin/contracts": {
      "version": "4.9.6",
      "resolved": "https://registry.npmjs.org/@openzeppelin/contracts/-/contracts-4.9.6.tgz",
      "integrity": "sha512-xSmezSupL+y9VkHZJGDoCBpmnB2ogM13ccaYDWqJTfS3dbuHkgjuwDFUmaFauBCboQMGB/S5UqUl2y54X99BmA=="
    },
    "node_modules/@openzeppelin/contracts-upgradeable": {
      "version": "4.9.6",
      "resolved": "https://registry.npmjs.org/@openzeppelin/contracts-upgradeable/-/contracts-upgradeable-4.9.6.tgz",
      "integrity": "sha512-m4iHazOsOCv1DgM7eD7GupTJ+NFVujRZt1wzddDPSVGpWdKq1SKkla5htKG7+IS4d2XOCtzkUNwRZ7Vq5aEUMA=="
    },
    "node_modules/@thirdweb-dev/contracts": {
      "version": "3.15.0",
      "resolved": "https://registry.npmjs.org/@thirdweb-dev/contracts/-/contracts-3.15.0.tgz",
      "integrity": "sha512-sIXPy6zNqW9K9h8xgCnsRQVrqmmMdxoDqut4eAZj1CJzMax5TyrNBoSYCfAX0et8KApvBeCVeJQhUHSWpBNIVw==",
      "dependencies": {
        "@openzeppelin/contracts": "^4.9.3",
        "@openzeppelin/contracts-upgradeable": "^4.9.3",
        "@thirdweb-dev/dynamic-contracts": "^1.2.4",
        "erc721a-upgradeable": "^3.3.0",
        "solady": "0.0.180"
      },
      "engines": {
        "node": ">=18.0.0"
      }
    },
    "node_modules/@thirdweb-dev/dynamic-contracts": {
      "version": "1.2.5",
      "resolved": "https://registry.npmjs.org/@thirdweb-dev/dynamic-contracts/-/dynamic-contracts-1.2.5.tgz",
      "integrity": "sha512-YVsz+jUWbwj+6aF2eTZGMfyw47a1HRmgNl4LQ3gW9gwYL5y5+OX/yOzv6aV5ibvoqCk/k10aIVK2eFrcpMubQA==",
      "engines": {
        "node": ">=18.0.0"
      }
    },
    "node_modules/cross-spawn": {
      "version": "7.0.6",
      "resolved": "https://registry.npmjs.org/cross-spawn/-/cross-spawn-7.0.6.tgz",
      "integrity": "sha512-uV2QOWP2nWzsy2aMp8aRibhi9dlzF5Hgh5SHaB9OiTGEyDTiJJyx0uy51QXdyWbtAHNua4XJzUKca3OzKUd3vA==",
      "dependencies": {
        "path-key": "^3.1.0",
        "shebang-command": "^2.0.0",
        "which": "^2.0.1"
      },
      "engines": {
        "node": ">= 8"
      }
    },
    "node_modules/erc721a-upgradeable": {
      "version": "3.3.0",
      "resolved": "https://registry.npmjs.org/erc721a-upgradeable/-/erc721a-upgradeable-3.3.0.tgz",
      "integrity": "sha512-ILE0SjKuvhx+PABG0A/41QUp0MFiYmzrgo71htQ0Ov6JfDOmgUzGxDW8gZuYfKrdlYjNwSAqMpUFWBbyW3sWBA==",
      "dependencies": {
        "@openzeppelin/contracts-upgradeable": "^4.4.2"
      }
    },
    "node_modules/isexe": {
      "version": "2.0.0",
      "resolved": "https://registry.npmjs.org/isexe/-/isexe-2.0.0.tgz",
      "integrity": "sha512-RHxMLp9lnKHGHRng9QFhRCMbYAcVpn69smSGcq3f36xjgVVWThj4qqLbTLlq7Ssj8B+fIQ1EuCEGI2lKsyQeIw=="
    },
    "node_modules/path-key": {
      "version": "3.1.1",
      "resolved": "https://registry.npmjs.org/path-key/-/path-key-3.1.1.tgz",
      "integrity": "sha512-ojmeN0qd+y0jszEtoY48r0Peq5dwMEkIlCOu6Q5f41lfkswXuKtYrhgoTpLnyIcHm24Uhqx+5Tqm2InSwLhE6Q==",
      "engines": {
        "node": ">=8"
      }
    },
    "node_modules/shebang-command": {
      "version": "2.0.0",
      "resolved": "https://registry.npmjs.org/shebang-command/-/shebang-command-2.0.0.tgz",
      "integrity": "sha512-kHxr2zZpYtdmrN1qDjrrX/Z1rR1kG8Dx+gkpK1G4eXmvXswmcE1hTWBWYUzlraYw1/yZp6YuDY77YtvbN0dmDA==",
      "dependencies": {
        "shebang-regex": "^3.0.0"
      },
      "engines": {
        "node": ">=8"
      }
    },
    "node_modules/shebang-regex": {
      "version": "3.0.0",
      "resolved": "https://registry.npmjs.org/shebang-regex/-/shebang-regex-3.0.0.tgz",
      "integrity": "sha512-7++dFhtcx3353uBaq8DDR4NuxBetBzC7ZQOhmTQInHEd6bSrXdiEyzCvG07Z44UYdLShWUyXt5M/yhz8ekcb1A==",
      "engines": {
        "node": ">=8"
      }
    },
    "node_modules/solady": {
      "version": "0.0.180",
      "resolved": "https://registry.npmjs.org/solady/-/solady-0.0.180.tgz",
      "integrity": "sha512-9QVCyMph+wk78Aq/GxtDAQg7dvNoVWx2dS2Zwf11XlwFKDZ+YJG2lrQsK9NEIth9NOebwjBXAYk4itdwOOE4aw=="
    },
    "node_modules/which": {
      "version": "2.0.2",
      "resolved": "https://registry.npmjs.org/which/-/which-2.0.2.tgz",
      "integrity": "sha512-BLI3Tl1TW3Pvl70l3yq3Y64i+awpwXqsGBYWkkqMtnbXgrMD+yj7rhW0kuEDxzJaYXGjEW5ogapKNMEKNMjibA==",
      "dependencies": {
        "isexe": "^2.0.0"
      },
      "bin": {
        "node-which": "bin/node-which"
      },
      "engines": {
        "node": ">= 8"
      }
    }
  }
}
